
Microsoft Visual Studio Solution File, Format Version 12.00
# Visual Studio Version 16
VisualStudioVersion = 16.0.29418.71
MinimumVisualStudioVersion = 10.0.40219.1
Project("{FAE04EC0-301F-11D3-BF4B-00C04F79EFBC}") = "HolaMundo.UWP", "HolaMundo\HolaMundo.UWP\HolaMundo.UWP.csproj", "{F09439A7-6EAE-45B2-B9FF-ECF7C926D85F}"
EndProject
Project("{FAE04EC0-301F-11D3-BF4B-00C04F79EFBC}") = "HolaMundo.Android", "HolaMundo\HolaMundo.Android\HolaMundo.Android.csproj", "{E8E8361F-DE19-4733-AB37-CA45E57388AA}"
EndProject
Project("{FAE04EC0-301F-11D3-BF4B-00C04F79EFBC}") = "HolaMundo.iOS", "HolaMundo\HolaMundo.iOS\HolaMundo.iOS.csproj", "{135E95A5-2C90-46E8-814F-0CBB260DF53F}"
EndProject
Project("{FAE04EC0-301F-11D3-BF4B-00C04F79EFBC}") = "HolaMundo", "HolaMundo\HolaMundo\HolaMundo.csproj", "{B2CD898F-7015-447E-A808-730CF0AED15A}"
EndProject
Global
	GlobalSection(SolutionConfigurationPlatforms) = preSolution
		Debug|Any CPU = Debug|Any CPU
		Debug|ARM = Debug|ARM
		Debug|iPhone = Debug|iPhone
		Debug|iPhoneSimulator = Debug|iPhoneSimulator
		Debug|x64 = Debug|x64
		Debug|x86 = Debug|x86
		Release|Any CPU = Release|Any CPU
		Release|ARM = Release|ARM
		Release|iPhone = Release|iPhone
		Release|iPhoneSimulator = Release|iPhoneSimulator
		Release|x64 = Release|x64
		Release|x86 = Release|x86
	EndGlobalSection
	GlobalSection(ProjectConfigurationPlatforms) = postSolution
		{F09439A7-6EAE-45B2-B9FF-ECF7C926D85F}.Debug|Any CPU.ActiveCfg = Debug|x86
		{F09439A7-6EAE-45B2-B9FF-ECF7C926D85F}.Debug|Any CPU.Build.0 = Debug|x86
		{F09439A7-6EAE-45B2-B9FF-ECF7C926D85F}.Debug|Any CPU.Deploy.0 = Debug|x86
		{F09439A7-6EAE-45B2-B9FF-ECF7C926D85F}.Debug|ARM.ActiveCfg = Debug|ARM
		{F09439A7-6EAE-45B2-B9FF-ECF7C926D85F}.Debug|ARM.Build.0 = Debug|ARM
		{F09439A7-6EAE-45B2-B9FF-ECF7C926D85F}.Debug|ARM.Deploy.0 = Debug|ARM
		{F09439A7-6EAE-45B2-B9FF-ECF7C926D85F}.Debug|iPhone.ActiveCfg = Debug|x86
		{F09439A7-6EAE-45B2-B9FF-ECF7C926D85F}.Debug|iPhone.Build.0 = Debug|x86
		{F09439A7-6EAE-45B2-B9FF-ECF7C926D85F}.Debug|iPhone.Deploy.0 = Debug|x86
		{F09439A7-6EAE-45B2-B9FF-ECF7C926D85F}.Debug|iPhoneSimulator.ActiveCfg = Debug|x86
		{F09439A7-6EAE-45B2-B9FF-ECF7C926D85F}.Debug|iPhoneSimulator.Build.0 = Debug|x86
		{F09439A7-6EAE-45B2-B9FF-ECF7C926D85F}.Debug|iPhoneSimulator.Deploy.0 = Debug|x86
		{F09439A7-6EAE-45B2-B9FF-ECF7C926D85F}.Debug|x64.ActiveCfg = Debug|x64
		{F09439A7-6EAE-45B2-B9FF-ECF7C926D85F}.Debug|x64.Build.0 = Debug|x64
		{F09439A7-6EAE-45B2-B9FF-ECF7C926D85F}.Debug|x64.Deploy.0 = Debug|x64
		{F09439A7-6EAE-45B2-B9FF-ECF7C926D85F}.Debug|x86.ActiveCfg = Debug|x86
		{F09439A7-6EAE-45B2-B9FF-ECF7C926D85F}.Debug|x86.Build.0 = Debug|x86
		{F09439A7-6EAE-45B2-B9FF-ECF7C926D85F}.Debug|x86.Deploy.0 = Debug|x86
		{F09439A7-6EAE-45B2-B9FF-ECF7C926D85F}.Release|Any CPU.ActiveCfg = Release|x86
		{F09439A7-6EAE-45B2-B9FF-ECF7C926D85F}.Release|Any CPU.Build.0 = Release|x86
		{F09439A7-6EAE-45B2-B9FF-ECF7C926D85F}.Release|Any CPU.Deploy.0 = Release|x86
		{F09439A7-6EAE-45B2-B9FF-ECF7C926D85F}.Release|ARM.ActiveCfg = Release|ARM
		{F09439A7-6EAE-45B2-B9FF-ECF7C926D85F}.Release|ARM.Build.0 = Release|ARM
		{F09439A7-6EAE-45B2-B9FF-ECF7C926D85F}.Release|ARM.Deploy.0 = Release|ARM
		{F09439A7-6EAE-45B2-B9FF-ECF7C926D85F}.Release|iPhone.ActiveCfg = Release|x86
		{F09439A7-6EAE-45B2-B9FF-ECF7C926D85F}.Release|iPhone.Build.0 = Release|x86
		{F09439A7-6EAE-45B2-B9FF-ECF7C926D85F}.Release|iPhone.Deploy.0 = Release|x86
		{F09439A7-6EAE-45B2-B9FF-ECF7C926D85F}.Release|iPhoneSimulator.ActiveCfg = Release|x86
		{F09439A7-6EAE-45B2-B9FF-ECF7C926D85F}.Release|iPhoneSimulator.Build.0 = Release|x86
		{F09439A7-6EAE-45B2-B9FF-ECF7C926D85F}.Release|iPhoneSimulator.Deploy.0 = Release|x86
		{F09439A7-6EAE-45B2-B9FF-ECF7C926D85F}.Release|x64.ActiveCfg = Release|x64
		{F09439A7-6EAE-45B2-B9FF-ECF7C926D85F}.Release|x64.Build.0 = Release|x64
		{F09439A7-6EAE-45B2-B9FF-ECF7C926D85F}.Release|x64.Deploy.0 = Release|x64
		{F09439A7-6EAE-45B2-B9FF-ECF7C926D85F}.Release|x86.ActiveCfg = Release|x86
		{F09439A7-6EAE-45B2-B9FF-ECF7C926D85F}.Release|x86.Build.0 = Release|x86
		{F09439A7-6EAE-45B2-B9FF-ECF7C926D85F}.Release|x86.Deploy.0 = Release|x86
		{E8E8361F-DE19-4733-AB37-CA45E57388AA}.Debug|Any CPU.ActiveCfg = Debug|Any CPU
		{E8E8361F-DE19-4733-AB37-CA45E57388AA}.Debug|Any CPU.Build.0 = Debug|Any CPU
		{E8E8361F-DE19-4733-AB37-CA45E57388AA}.Debug|Any CPU.Deploy.0 = Debug|Any CPU
		{E8E8361F-DE19-4733-AB37-CA45E57388AA}.Debug|ARM.ActiveCfg = Debug|Any CPU
		{E8E8361F-DE19-4733-AB37-CA45E57388AA}.Debug|ARM.Build.0 = Debug|Any CPU
		{E8E8361F-DE19-4733-AB37-CA45E57388AA}.Debug|ARM.Deploy.0 = Debug|Any CPU
		{E8E8361F-DE19-4733-AB37-CA45E57388AA}.Debug|iPhone.ActiveCfg = Debug|Any CPU
		{E8E8361F-DE19-4733-AB37-CA45E57388AA}.Debug|iPhone.Build.0 = Debug|Any CPU
		{E8E8361F-DE19-4733-AB37-CA45E57388AA}.Debug|iPhone.Deploy.0 = Debug|Any CPU
		{E8E8361F-DE19-4733-AB37-CA45E57388AA}.Debug|iPhoneSimulator.ActiveCfg = Debug|Any CPU
		{E8E8361F-DE19-4733-AB37-CA45E57388AA}.Debug|iPhoneSimulator.Build.0 = Debug|Any CPU
		{E8E8361F-DE19-4733-AB37-CA45E57388AA}.Debug|iPhoneSimulator.Deploy.0 = Debug|Any CPU
		{E8E8361F-DE19-4733-AB37-CA45E57388AA}.Debug|x64.ActiveCfg = Debug|Any CPU
		{E8E8361F-DE19-4733-AB37-CA45E57388AA}.Debug|x64.Build.0 = Debug|Any CPU
		{E8E8361F-DE19-4733-AB37-CA45E57388AA}.Debug|x64.Deploy.0 = Debug|Any CPU
		{E8E8361F-DE19-4733-AB37-CA45E57388AA}.Debug|x86.ActiveCfg = Debug|Any CPU
		{E8E8361F-DE19-4733-AB37-CA45E57388AA}.Debug|x86.Build.0 = Debug|Any CPU
		{E8E8361F-DE19-4733-AB37-CA45E57388AA}.Debug|x86.Deploy.0 = Debug|Any CPU
		{E8E8361F-DE19-4733-AB37-CA45E57388AA}.Release|Any CPU.ActiveCfg = Release|Any CPU
		{E8E8361F-DE19-4733-AB37-CA45E57388AA}.Release|Any CPU.Build.0 = Release|Any CPU
		{E8E8361F-DE19-4733-AB37-CA45E57388AA}.Release|Any CPU.Deploy.0 = Release|Any CPU
		{E8E8361F-DE19-4733-AB37-CA45E57388AA}.Release|ARM.ActiveCfg = Release|Any CPU
		{E8E8361F-DE19-4733-AB37-CA45E57388AA}.Release|ARM.Build.0 = Release|Any CPU
		{E8E8361F-DE19-4733-AB37-CA45E57388AA}.Release|ARM.Deploy.0 = Release|Any CPU
		{E8E8361F-DE19-4733-AB37-CA45E57388AA}.Release|iPhone.ActiveCfg = Release|Any CPU
		{E8E8361F-DE19-4733-AB37-CA45E57388AA}.Release|iPhone.Build.0 = Release|Any CPU
		{E8E8361F-DE19-4733-AB37-CA45E57388AA}.Release|iPhone.Deploy.0 = Release|Any CPU
		{E8E8361F-DE19-4733-AB37-CA45E57388AA}.Release|iPhoneSimulator.ActiveCfg = Release|Any CPU
		{E8E8361F-DE19-4733-AB37-CA45E57388AA}.Release|iPhoneSimulator.Build.0 = Release|Any CPU
		{E8E8361F-DE19-4733-AB37-CA45E57388AA}.Release|iPhoneSimulator.Deploy.0 = Release|Any CPU
		{E8E8361F-DE19-4733-AB37-CA45E57388AA}.Release|x64.ActiveCfg = Release|Any CPU
		{E8E8361F-DE19-4733-AB37-CA45E57388AA}.Release|x64.Build.0 = Release|Any CPU
		{E8E8361F-DE19-4733-AB37-CA45E57388AA}.Release|x64.Deploy.0 = Release|Any CPU
		{E8E8361F-DE19-4733-AB37-CA45E57388AA}.Release|x86.ActiveCfg = Release|Any CPU
		{E8E8361F-DE19-4733-AB37-CA45E57388AA}.Release|x86.Build.0 = Release|Any CPU
		{E8E8361F-DE19-4733-AB37-CA45E57388AA}.Release|x86.Deploy.0 = Release|Any CPU
		{135E95A5-2C90-46E8-814F-0CBB260DF53F}.Debug|Any CPU.ActiveCfg = Debug|iPhone
		{135E95A5-2C90-46E8-814F-0CBB260DF53F}.Debug|Any CPU.Build.0 = Debug|iPhone
		{135E95A5-2C90-46E8-814F-0CBB260DF53F}.Debug|Any CPU.Deploy.0 = Debug|iPhone
		{135E95A5-2C90-46E8-814F-0CBB260DF53F}.Debug|ARM.ActiveCfg = Debug|iPhoneSimulator
		{135E95A5-2C90-46E8-814F-0CBB260DF53F}.Debug|ARM.Build.0 = Debug|iPhoneSimulator
		{135E95A5-2C90-46E8-814F-0CBB260DF53F}.Debug|ARM.Deploy.0 = Debug|iPhoneSimulator
		{135E95A5-2C90-46E8-814F-0CBB260DF53F}.Debug|iPhone.ActiveCfg = Debug|iPhone
		{135E95A5-2C90-46E8-814F-0CBB260DF53F}.Debug|iPhone.Build.0 = Debug|iPhone
		{135E95A5-2C90-46E8-814F-0CBB260DF53F}.Debug|iPhone.Deploy.0 = Debug|iPhone
		{135E95A5-2C90-46E8-814F-0CBB260DF53F}.Debug|iPhoneSimulator.ActiveCfg = Debug|iPhoneSimulator
		{135E95A5-2C90-46E8-814F-0CBB260DF53F}.Debug|iPhoneSimulator.Build.0 = Debug|iPhoneSimulator
		{135E95A5-2C90-46E8-814F-0CBB260DF53F}.Debug|iPhoneSimulator.Deploy.0 = Debug|iPhoneSimulator
		{135E95A5-2C90-46E8-814F-0CBB260DF53F}.Debug|x64.ActiveCfg = Debug|iPhone
		{135E95A5-2C90-46E8-814F-0CBB260DF53F}.Debug|x64.Build.0 = Debug|iPhone
		{135E95A5-2C90-46E8-814F-0CBB260DF53F}.Debug|x64.Deploy.0 = Debug|iPhone
		{135E95A5-2C90-46E8-814F-0CBB260DF53F}.Debug|x86.ActiveCfg = Debug|iPhone
		{135E95A5-2C90-46E8-814F-0CBB260DF53F}.Debug|x86.Build.0 = Debug|iPhone
		{135E95A5-2C90-46E8-814F-0CBB260DF53F}.Debug|x86.Deploy.0 = Debug|iPhone
		{135E95A5-2C90-46E8-814F-0CBB260DF53F}.Release|Any CPU.ActiveCfg = Release|iPhone
		{135E95A5-2C90-46E8-814F-0CBB260DF53F}.Release|Any CPU.Build.0 = Release|iPhone
		{135E95A5-2C90-46E8-814F-0CBB260DF53F}.Release|Any CPU.Deploy.0 = Release|iPhone
		{135E95A5-2C90-46E8-814F-0CBB260DF53F}.Release|ARM.ActiveCfg = Release|iPhone
		{135E95A5-2C90-46E8-814F-0CBB260DF53F}.Release|ARM.Build.0 = Release|iPhone
		{135E95A5-2C90-46E8-814F-0CBB260DF53F}.Release|ARM.Deploy.0 = Release|iPhone
		{135E95A5-2C90-46E8-814F-0CBB260DF53F}.Release|iPhone.ActiveCfg = Release|iPhone
		{135E95A5-2C90-46E8-814F-0CBB260DF53F}.Release|iPhone.Build.0 = Release|iPhone
		{135E95A5-2C90-46E8-814F-0CBB260DF53F}.Release|iPhone.Deploy.0 = Release|iPhone
		{135E95A5-2C90-46E8-814F-0CBB260DF53F}.Release|iPhoneSimulator.ActiveCfg = Release|iPhoneSimulator
		{135E95A5-2C90-46E8-814F-0CBB260DF53F}.Release|iPhoneSimulator.Build.0 = Release|iPhoneSimulator
		{135E95A5-2C90-46E8-814F-0CBB260DF53F}.Release|iPhoneSimulator.Deploy.0 = Release|iPhoneSimulator
		{135E95A5-2C90-46E8-814F-0CBB260DF53F}.Release|x64.ActiveCfg = Release|iPhone
		{135E95A5-2C90-46E8-814F-0CBB260DF53F}.Release|x64.Build.0 = Release|iPhone
		{135E95A5-2C90-46E8-814F-0CBB260DF53F}.Release|x64.Deploy.0 = Release|iPhone
		{135E95A5-2C90-46E8-814F-0CBB260DF53F}.Release|x86.ActiveCfg = Release|iPhone
		{135E95A5-2C90-46E8-814F-0CBB260DF53F}.Release|x86.Build.0 = Release|iPhone
		{135E95A5-2C90-46E8-814F-0CBB260DF53F}.Release|x86.Deploy.0 = Release|iPhone
		{B2CD898F-7015-447E-A808-730CF0AED15A}.Debug|Any CPU.ActiveCfg = Debug|Any CPU
		{B2CD898F-7015-447E-A808-730CF0AED15A}.Debug|Any CPU.Build.0 = Debug|Any CPU
		{B2CD898F-7015-447E-A808-730CF0AED15A}.Debug|Any CPU.Deploy.0 = Debug|Any CPU
		{B2CD898F-7015-447E-A808-730CF0AED15A}.Debug|ARM.ActiveCfg = Debug|Any CPU
		{B2CD898F-7015-447E-A808-730CF0AED15A}.Debug|ARM.Build.0 = Debug|Any CPU
		{B2CD898F-7015-447E-A808-730CF0AED15A}.Debug|ARM.Deploy.0 = Debug|Any CPU
		{B2CD898F-7015-447E-A808-730CF0AED15A}.Debug|iPhone.ActiveCfg = Debug|Any CPU
		{B2CD898F-7015-447E-A808-730CF0AED15A}.Debug|iPhone.Build.0 = Debug|Any CPU
		{B2CD898F-7015-447E-A808-730CF0AED15A}.Debug|iPhone.Deploy.0 = Debug|Any CPU
		{B2CD898F-7015-447E-A808-730CF0AED15A}.Debug|iPhoneSimulator.ActiveCfg = Debug|Any CPU
		{B2CD898F-7015-447E-A808-730CF0AED15A}.Debug|iPhoneSimulator.Build.0 = Debug|Any CPU
		{B2CD898F-7015-447E-A808-730CF0AED15A}.Debug|iPhoneSimulator.Deploy.0 = Debug|Any CPU
		{B2CD898F-7015-447E-A808-730CF0AED15A}.Debug|x64.ActiveCfg = Debug|Any CPU
		{B2CD898F-7015-447E-A808-730CF0AED15A}.Debug|x64.Build.0 = Debug|Any CPU
		{B2CD898F-7015-447E-A808-730CF0AED15A}.Debug|x64.Deploy.0 = Debug|Any CPU
		{B2CD898F-7015-447E-A808-730CF0AED15A}.Debug|x86.ActiveCfg = Debug|Any CPU
		{B2CD898F-7015-447E-A808-730CF0AED15A}.Debug|x86.Build.0 = Debug|Any CPU
		{B2CD898F-7015-447E-A808-730CF0AED15A}.Debug|x86.Deploy.0 = Debug|Any CPU
		{B2CD898F-7015-447E-A808-730CF0AED15A}.Release|Any CPU.ActiveCfg = Release|Any CPU
		{B2CD898F-7015-447E-A808-730CF0AED15A}.Release|Any CPU.Build.0 = Release|Any CPU
		{B2CD898F-7015-447E-A808-730CF0AED15A}.Release|Any CPU.Deploy.0 = Release|Any CPU
		{B2CD898F-7015-447E-A808-730CF0AED15A}.Release|ARM.ActiveCfg = Release|Any CPU
		{B2CD898F-7015-447E-A808-730CF0AED15A}.Release|ARM.Build.0 = Release|Any CPU
		{B2CD898F-7015-447E-A808-730CF0AED15A}.Release|ARM.Deploy.0 = Release|Any CPU
		{B2CD898F-7015-447E-A808-730CF0AED15A}.Release|iPhone.ActiveCfg = Release|Any CPU
		{B2CD898F-7015-447E-A808-730CF0AED15A}.Release|iPhone.Build.0 = Release|Any CPU
		{B2CD898F-7015-447E-A808-730CF0AED15A}.Release|iPhone.Deploy.0 = Release|Any CPU
		{B2CD898F-7015-447E-A808-730CF0AED15A}.Release|iPhoneSimulator.ActiveCfg = Release|Any CPU
		{B2CD898F-7015-447E-A808-730CF0AED15A}.Release|iPhoneSimulator.Build.0 = Release|Any CPU
		{B2CD898F-7015-447E-A808-730CF0AED15A}.Release|iPhoneSimulator.Deploy.0 = Release|Any CPU
		{B2CD898F-7015-447E-A808-730CF0AED15A}.Release|x64.ActiveCfg = Release|Any CPU
		{B2CD898F-7015-447E-A808-730CF0AED15A}.Release|x64.Build.0 = Release|Any CPU
		{B2CD898F-7015-447E-A808-730CF0AED15A}.Release|x64.Deploy.0 = Release|Any CPU
		{B2CD898F-7015-447E-A808-730CF0AED15A}.Release|x86.ActiveCfg = Release|Any CPU
		{B2CD898F-7015-447E-A808-730CF0AED15A}.Release|x86.Build.0 = Release|Any CPU
		{B2CD898F-7015-447E-A808-730CF0AED15A}.Release|x86.Deploy.0 = Release|Any CPU
	EndGlobalSection
	GlobalSection(SolutionProperties) = preSolution
		HideSolutionNode = FALSE
	EndGlobalSection
	GlobalSection(ExtensibilityGlobals) = postSolution
		SolutionGuid = {12A1A37F-9B68-4FDD-9801-0C8C426C2C2D}
	EndGlobalSection
EndGlobal
